
Microsoft Visual Studio Solution File, Format Version 12.00
Project("{FAE04EC0-301F-11D3-BF4B-00C04F79EFBC}") = "BananaOS-XSRedirector", "BananaOS-XSRedirector\BananaOS-XSRedirector.csproj", "{8E9A327D-F8F8-4559-A0D0-65A310EBC778}"
EndProject
Global
	GlobalSection(SolutionConfigurationPlatforms) = preSolution
		Debug|Any CPU = Debug|Any CPU
		Release|Any CPU = Release|Any CPU
	EndGlobalSection
	GlobalSection(ProjectConfigurationPlatforms) = postSolution
		{8E9A327D-F8F8-4559-A0D0-65A310EBC778}.Debug|Any CPU.ActiveCfg = Debug|Any CPU
		{8E9A327D-F8F8-4559-A0D0-65A310EBC778}.Debug|Any CPU.Build.0 = Debug|Any CPU
		{8E9A327D-F8F8-4559-A0D0-65A310EBC778}.Release|Any CPU.ActiveCfg = Release|Any CPU
		{8E9A327D-F8F8-4559-A0D0-65A310EBC778}.Release|Any CPU.Build.0 = Release|Any CPU
	EndGlobalSection
EndGlobal
